
Microsoft Visual Studio Solution File, Format Version 12.00
# Visual Studio Version 16
VisualStudioVersion = 16.0.29306.81
MinimumVisualStudioVersion = 10.0.40219.1
Project("{9A19103F-16F7-4668-BE54-9A1E7A4F7556}") = "Assign 01 QA", "Assign 01 QA.csproj", "{E28154EE-6CB1-4A45-8823-FE59E6DC8917}"
EndProject
Project("{FAE04EC0-301F-11D3-BF4B-00C04F79EFBC}") = "NUnitTestProject1", "..\NUnitTestProject1\NUnitTestProject1.csproj", "{E0CADB12-1097-4B90-BEAC-D0EC8EA85481}"
EndProject
Global
	GlobalSection(SolutionConfigurationPlatforms) = preSolution
		Debug|Any CPU = Debug|Any CPU
		Release|Any CPU = Release|Any CPU
	EndGlobalSection
	GlobalSection(ProjectConfigurationPlatforms) = postSolution
		{E28154EE-6CB1-4A45-8823-FE59E6DC8917}.Debug|Any CPU.ActiveCfg = Debug|Any CPU
		{E28154EE-6CB1-4A45-8823-FE59E6DC8917}.Debug|Any CPU.Build.0 = Debug|Any CPU
		{E28154EE-6CB1-4A45-8823-FE59E6DC8917}.Release|Any CPU.ActiveCfg = Release|Any CPU
		{E28154EE-6CB1-4A45-8823-FE59E6DC8917}.Release|Any CPU.Build.0 = Release|Any CPU
		{E0CADB12-1097-4B90-BEAC-D0EC8EA85481}.Debug|Any CPU.ActiveCfg = Debug|Any CPU
		{E0CADB12-1097-4B90-BEAC-D0EC8EA85481}.Debug|Any CPU.Build.0 = Debug|Any CPU
		{E0CADB12-1097-4B90-BEAC-D0EC8EA85481}.Release|Any CPU.ActiveCfg = Release|Any CPU
		{E0CADB12-1097-4B90-BEAC-D0EC8EA85481}.Release|Any CPU.Build.0 = Release|Any CPU
	EndGlobalSection
	GlobalSection(SolutionProperties) = preSolution
		HideSolutionNode = FALSE
	EndGlobalSection
	GlobalSection(ExtensibilityGlobals) = postSolution
		SolutionGuid = {B01D92D2-4987-4F3B-84C9-E231004A81C2}
	EndGlobalSection
EndGlobal
